// !$*UTF8*$!
{
	archiveVersion = 1;
	classes = {
	};
	objectVersion = 46;
	objects = {

/* Begin PBXAggregateTarget section */
		8AF4584E1EA4A16C00516693 /* MFSideMenu-Universal */ = {
			isa = PBXAggregateTarget;
			buildConfigurationList = 8AF4584F1EA4A16C00516693 /* Build configuration list for PBXAggregateTarget "MFSideMenu-Universal" */;
			buildPhases = (
				8AF458521EA4A19200516693 /* ShellScript */,
			);
			dependencies = (
			);
			name = "MFSideMenu-Universal";
			productName = "MFSideMenu-Universal";
		};
/* End PBXAggregateTarget section */

/* Begin PBXBuildFile section */
		8AF4583B1EA4A03100516693 /* MFSideMenu.h in Headers */ = {isa = PBXBuildFile; fileRef = 8AF458391EA4A03100516693 /* MFSideMenu.h */; settings = {ATTRIBUTES = (Public, ); }; };
		8AF4585C1EA4A2D700516693 /* MFSideMenuContainerViewController.h in Headers */ = {isa = PBXBuildFile; fileRef = 8AF458561EA4A2D700516693 /* MFSideMenuContainerViewController.h */; settings = {ATTRIBUTES = (Public, ); }; };
		8AF4585D1EA4A2D700516693 /* MFSideMenuContainerViewController.m in Sources */ = {isa = PBXBuildFile; fileRef = 8AF458571EA4A2D700516693 /* MFSideMenuContainerViewController.m */; };
		8AF4585E1EA4A2D700516693 /* MFSideMenuShadow.h in Headers */ = {isa = PBXBuildFile; fileRef = 8AF458581EA4A2D700516693 /* MFSideMenuShadow.h */; settings = {ATTRIBUTES = (Public, ); }; };
		8AF4585F1EA4A2D700516693 /* MFSideMenuShadow.m in Sources */ = {isa = PBXBuildFile; fileRef = 8AF458591EA4A2D700516693 /* MFSideMenuShadow.m */; };
		8AF458601EA4A2D700516693 /* UIViewController+MFSideMenuAdditions.h in Headers */ = {isa = PBXBuildFile; fileRef = 8AF4585A1EA4A2D700516693 /* UIViewController+MFSideMenuAdditions.h */; settings = {ATTRIBUTES = (Public, ); }; };
		8AF458611EA4A2D700516693 /* UIViewController+MFSideMenuAdditions.m in Sources */ = {isa = PBXBuildFile; fileRef = 8AF4585B1EA4A2D700516693 /* UIViewController+MFSideMenuAdditions.m */; };
/* End PBXBuildFile section */

/* Begin PBXFileReference section */
		8AF458361EA4A03100516693 /* MFSideMenu.framework */ = {isa = PBXFileReference; explicitFileType = wrapper.framework; includeInIndex = 0; path = MFSideMenu.framework; sourceTree = BUILT_PRODUCTS_DIR; };
		8AF458391EA4A03100516693 /* MFSideMenu.h */ = {isa = PBXFileReference; lastKnownFileType = sourcecode.c.h; path = MFSideMenu.h; sourceTree = "<group>"; };
		8AF4583A1EA4A03100516693 /* Info.plist */ = {isa = PBXFileReference; lastKnownFileType = text.plist.xml; path = Info.plist; sourceTree = "<group>"; };
		8AF458561EA4A2D700516693 /* MFSideMenuContainerViewController.h */ = {isa = PBXFileReference; fileEncoding = 4; lastKnownFileType = sourcecode.c.h; path = MFSideMenuContainerViewController.h; sourceTree = "<group>"; };
		8AF458571EA4A2D700516693 /* MFSideMenuContainerViewController.m */ = {isa = PBXFileReference; fileEncoding = 4; lastKnownFileType = sourcecode.c.objc; path = MFSideMenuContainerViewController.m; sourceTree = "<group>"; };
		8AF458581EA4A2D700516693 /* MFSideMenuShadow.h */ = {isa = PBXFileReference; fileEncoding = 4; lastKnownFileType = sourcecode.c.h; path = MFSideMenuShadow.h; sourceTree = "<group>"; };
		8AF458591EA4A2D700516693 /* MFSideMenuShadow.m */ = {isa = PBXFileReference; fileEncoding = 4; lastKnownFileType = sourcecode.c.objc; path = MFSideMenuShadow.m; sourceTree = "<group>"; };
		8AF4585A1EA4A2D700516693 /* UIViewController+MFSideMenuAdditions.h */ = {isa = PBXFileReference; fileEncoding = 4; lastKnownFileType = sourcecode.c.h; path = "UIViewController+MFSideMenuAdditions.h"; sourceTree = "<group>"; };
		8AF4585B1EA4A2D700516693 /* UIViewController+MFSideMenuAdditions.m */ = {isa = PBXFileReference; fileEncoding = 4; lastKnownFileType = sourcecode.c.objc; path = "UIViewController+MFSideMenuAdditions.m"; sourceTree = "<group>"; };
/* End PBXFileReference section */

/* Begin PBXFrameworksBuildPhase section */
		8AF458321EA4A03100516693 /* Frameworks */ = {
			isa = PBXFrameworksBuildPhase;
			buildActionMask = 2147483647;
			files = (
			);
			runOnlyForDeploymentPostprocessing = 0;
		};
/* End PBXFrameworksBuildPhase section */

/* Begin PBXGroup section */
		8AF4582C1EA4A03100516693 = {
			isa = PBXGroup;
			children = (
				8AF458381EA4A03100516693 /* MFSideMenu */,
				8AF458371EA4A03100516693 /* Products */,
			);
			sourceTree = "<group>";
		};
		8AF458371EA4A03100516693 /* Products */ = {
			isa = PBXGroup;
			children = (
				8AF458361EA4A03100516693 /* MFSideMenu.framework */,
			);
			name = Products;
			sourceTree = "<group>";
		};
		8AF458381EA4A03100516693 /* MFSideMenu */ = {
			isa = PBXGroup;
			children = (
				8AF458561EA4A2D700516693 /* MFSideMenuContainerViewController.h */,
				8AF458571EA4A2D700516693 /* MFSideMenuContainerViewController.m */,
				8AF458581EA4A2D700516693 /* MFSideMenuShadow.h */,
				8AF458591EA4A2D700516693 /* MFSideMenuShadow.m */,
				8AF4585A1EA4A2D700516693 /* UIViewController+MFSideMenuAdditions.h */,
				8AF4585B1EA4A2D700516693 /* UIViewController+MFSideMenuAdditions.m */,
				8AF458391EA4A03100516693 /* MFSideMenu.h */,
				8AF4583A1EA4A03100516693 /* Info.plist */,
			);
			path = MFSideMenu;
			sourceTree = "<group>";
		};
/* End PBXGroup section */

/* Begin PBXHeadersBuildPhase section */
		8AF458331EA4A03100516693 /* Headers */ = {
			isa = PBXHeadersBuildPhase;
			buildActionMask = 2147483647;
			files = (
				8AF4585E1EA4A2D700516693 /* MFSideMenuShadow.h in Headers */,
				8AF458601EA4A2D700516693 /* UIViewController+MFSideMenuAdditions.h in Headers */,
				8AF4585C1EA4A2D700516693 /* MFSideMenuContainerViewController.h in Headers */,
				8AF4583B1EA4A03100516693 /* MFSideMenu.h in Headers */,
			);
			runOnlyForDeploymentPostprocessing = 0;
		};
/* End PBXHeadersBuildPhase section */

/* Begin PBXNativeTarget section */
		8AF458351EA4A03100516693 /* MFSideMenu */ = {
			isa = PBXNativeTarget;
			buildConfigurationList = 8AF4583E1EA4A03100516693 /* Build configuration list for PBXNativeTarget "MFSideMenu" */;
			buildPhases = (
				8AF458311EA4A03100516693 /* Sources */,
				8AF458321EA4A03100516693 /* Frameworks */,
				8AF458331EA4A03100516693 /* Headers */,
				8AF458341EA4A03100516693 /* Resources */,
			);
			buildRules = (
			);
			dependencies = (
			);
			name = MFSideMenu;
			productName = MFSideMenu;
			productReference = 8AF458361EA4A03100516693 /* MFSideMenu.framework */;
			productType = "com.apple.product-type.framework";
		};
/* End PBXNativeTarget section */

/* Begin PBXProject section */
		8AF4582D1EA4A03100516693 /* Project object */ = {
			isa = PBXProject;
			attributes = {
				LastUpgradeCheck = 0830;
				ORGANIZATIONNAME = "Delivr Company Limited";
				TargetAttributes = {
					8AF458351EA4A03100516693 = {
						CreatedOnToolsVersion = 8.3.1;
						DevelopmentTeam = L3SA45VTYT;
						ProvisioningStyle = Automatic;
					};
					8AF4584E1EA4A16C00516693 = {
						CreatedOnToolsVersion = 8.3.1;
						DevelopmentTeam = L3SA45VTYT;
						ProvisioningStyle = Automatic;
					};
				};
			};
			buildConfigurationList = 8AF458301EA4A03100516693 /* Build configuration list for PBXProject "MFSideMenu" */;
			compatibilityVersion = "Xcode 3.2";
			developmentRegion = English;
			hasScannedForEncodings = 0;
			knownRegions = (
				en,
			);
			mainGroup = 8AF4582C1EA4A03100516693;
			productRefGroup = 8AF458371EA4A03100516693 /* Products */;
			projectDirPath = "";
			projectRoot = "";
			targets = (
				8AF458351EA4A03100516693 /* MFSideMenu */,
				8AF4584E1EA4A16C00516693 /* MFSideMenu-Universal */,
			);
		};
/* End PBXProject section */

/* Begin PBXResourcesBuildPhase section */
		8AF458341EA4A03100516693 /* Resources */ = {
			isa = PBXResourcesBuildPhase;
			buildActionMask = 2147483647;
			files = (
			);
			runOnlyForDeploymentPostprocessing = 0;
		};
/* End PBXResourcesBuildPhase section */

/* Begin PBXShellScriptBuildPhase section */
		8AF458521EA4A19200516693 /* ShellScript */ = {
			isa = PBXShellScriptBuildPhase;
			buildActionMask = 2147483647;
			files = (
			);
			inputPaths = (
			);
			outputPaths = (
			);
			runOnlyForDeploymentPostprocessing = 0;
			shellPath = /bin/sh;
			shellScript = "#!/bin/sh\n\nUNIVERSAL_OUTPUTFOLDER=${BUILD_DIR}/${CONFIGURATION}-universal\n\n# make sure the output directory exists\nmkdir -p \"${UNIVERSAL_OUTPUTFOLDER}\"\n\n# Step 1. Build Device and Simulator versions\nxcodebuild -target \"${PROJECT_NAME}\" ONLY_ACTIVE_ARCH=NO -configuration ${CONFIGURATION} -sdk iphoneos  BUILD_DIR=\"${BUILD_DIR}\" BUILD_ROOT=\"${BUILD_ROOT}\" clean build\nxcodebuild -target \"${PROJECT_NAME}\" -configuration ${CONFIGURATION} -sdk iphonesimulator ONLY_ACTIVE_ARCH=NO BUILD_DIR=\"${BUILD_DIR}\" BUILD_ROOT=\"${BUILD_ROOT}\" clean build\n\n# Step 2. Copy the framework structure (from iphoneos build) to the universal folder\ncp -R \"${BUILD_DIR}/${CONFIGURATION}-iphoneos/${PROJECT_NAME}.framework\" \"${UNIVERSAL_OUTPUTFOLDER}/\"\n\n# Step 3. Copy Swift modules (from iphonesimulator build) to the copied framework directory\ncp -R \"${BUILD_DIR}/${CONFIGURATION}-iphonesimulator/${PROJECT_NAME}.framework/Modules/${PROJECT_NAME}.swiftmodule/.\" \"${UNIVERSAL_OUTPUTFOLDER}/${PROJECT_NAME}.framework/Modules/${PROJECT_NAME}.swiftmodule\"\n\n# Step 4. Create universal binary file using lipo and place the combined executable in the copied framework directory\nlipo -create -output \"${UNIVERSAL_OUTPUTFOLDER}/${PROJECT_NAME}.framework/${PROJECT_NAME}\" \"${BUILD_DIR}/${CONFIGURATION}-iphonesimulator/${PROJECT_NAME}.framework/${PROJECT_NAME}\" \"${BUILD_DIR}/${CONFIGURATION}-iphoneos/${PROJECT_NAME}.framework/${PROJECT_NAME}\"\n\n# Step 5. Convenience step to copy the framework to the project's directory\ncp -R \"${UNIVERSAL_OUTPUTFOLDER}/${PROJECT_NAME}.framework\" \"${PROJECT_DIR}\"\n\n# Step 6. Convenience step to open the project's directory in Finder\nopen \"${PROJECT_DIR}\"";
		};
/* End PBXShellScriptBuildPhase section */

/* Begin PBXSourcesBuildPhase section */
		8AF458311EA4A03100516693 /* Sources */ = {
			isa = PBXSourcesBuildPhase;
			buildActionMask = 2147483647;
			files = (
				8AF458611EA4A2D700516693 /* UIViewController+MFSideMenuAdditions.m in Sources */,
				8AF4585F1EA4A2D700516693 /* MFSideMenuShadow.m in Sources */,
				8AF4585D1EA4A2D700516693 /* MFSideMenuContainerViewController.m in Sources */,
			);
			runOnlyForDeploymentPostprocessing = 0;
		};
/* End PBXSourcesBuildPhase section */

/* Begin XCBuildConfiguration section */
		8AF4583C1EA4A03100516693 /* Debug */ = {
			isa = XCBuildConfiguration;
			buildSettings = {
				ALWAYS_SEARCH_USER_PATHS = NO;
				CLANG_ANALYZER_NONNULL = YES;
				CLANG_ANALYZER_NUMBER_OBJECT_CONVERSION = YES_AGGRESSIVE;
				CLANG_CXX_LANGUAGE_STANDARD = "gnu++0x";
				CLANG_CXX_LIBRARY = "libc++";
				CLANG_ENABLE_MODULES = YES;
				CLANG_ENABLE_OBJC_ARC = YES;
				CLANG_WARN_BOOL_CONVERSION = YES;
				CLANG_WARN_CONSTANT_CONVERSION = YES;
				CLANG_WARN_DIRECT_OBJC_ISA_USAGE = YES_ERROR;
				CLANG_WARN_DOCUMENTATION_COMMENTS = YES;
				CLANG_WARN_EMPTY_BODY = YES;
				CLANG_WARN_ENUM_CONVERSION = YES;
				CLANG_WARN_INFINITE_RECURSION = YES;
				CLANG_WARN_INT_CONVERSION = YES;
				CLANG_WARN_OBJC_ROOT_CLASS = YES_ERROR;
				CLANG_WARN_SUSPICIOUS_MOVE = YES;
				CLANG_WARN_UNREACHABLE_CODE = YES;
				CLANG_WARN__DUPLICATE_METHOD_MATCH = YES;
				"CODE_SIGN_IDENTITY[sdk=iphoneos*]" = "iPhone Developer";
				COPY_PHASE_STRIP = NO;
				CURRENT_PROJECT_VERSION = 1;
				DEBUG_INFORMATION_FORMAT = dwarf;
				ENABLE_STRICT_OBJC_MSGSEND = YES;
				ENABLE_TESTABILITY = YES;
				GCC_C_LANGUAGE_STANDARD = gnu99;
				GCC_DYNAMIC_NO_PIC = NO;
				GCC_NO_COMMON_BLOCKS = YES;
				GCC_OPTIMIZATION_LEVEL = 0;
				GCC_PREPROCESSOR_DEFINITIONS = (
					"DEBUG=1",
					"$(inherited)",
				);
				GCC_WARN_64_TO_32_BIT_CONVERSION = YES;
				GCC_WARN_ABOUT_RETURN_TYPE = YES_ERROR;
				GCC_WARN_UNDECLARED_SELECTOR = YES;
				GCC_WARN_UNINITIALIZED_AUTOS = YES_AGGRESSIVE;
				GCC_WARN_UNUSED_FUNCTION = YES;
				GCC_WARN_UNUSED_VARIABLE = YES;
				IPHONEOS_DEPLOYMENT_TARGET = 10.3;
				MTL_ENABLE_DEBUG_INFO = YES;
				ONLY_ACTIVE_ARCH = YES;
				SDKROOT = iphoneos;
				TARGETED_DEVICE_FAMILY = "1,2";
				VERSIONING_SYSTEM = "apple-generic";
				VERSION_INFO_PREFIX = "";
			};
			name = Debug;
		};
		8AF4583D1EA4A03100516693 /* Release */ = {
			isa = XCBuildConfiguration;
			buildSettings = {
				ALWAYS_SEARCH_USER_PATHS = NO;
				CLANG_ANALYZER_NONNULL = YES;
				CLANG_ANALYZER_NUMBER_OBJECT_CONVERSION = YES_AGGRESSIVE;
				CLANG_CXX_LANGUAGE_STANDARD = "gnu++0x";
				CLANG_CXX_LIBRARY = "libc++";
				CLANG_ENABLE_MODULES = YES;
				CLANG_ENABLE_OBJC_ARC = YES;
				CLANG_WARN_BOOL_CONVERSION = YES;
				CLANG_WARN_CONSTANT_CONVERSION = YES;
				CLANG_WARN_DIRECT_OBJC_ISA_USAGE = YES_ERROR;
				CLANG_WARN_DOCUMENTATION_COMMENTS = YES;
				CLANG_WARN_EMPTY_BODY = YES;
				CLANG_WARN_ENUM_CONVERSION = YES;
				CLANG_WARN_INFINITE_RECURSION = YES;
				CLANG_WARN_INT_CONVERSION = YES;
				CLANG_WARN_OBJC_ROOT_CLASS = YES_ERROR;
				CLANG_WARN_SUSPICIOUS_MOVE = YES;
				CLANG_WARN_UNREACHABLE_CODE = YES;
				CLANG_WARN__DUPLICATE_METHOD_MATCH = YES;
				"CODE_SIGN_IDENTITY[sdk=iphoneos*]" = "iPhone Developer";
				COPY_PHASE_STRIP = NO;
				CURRENT_PROJECT_VERSION = 1;
				DEBUG_INFORMATION_FORMAT = "dwarf-with-dsym";
				ENABLE_NS_ASSERTIONS = NO;
				ENABLE_STRICT_OBJC_MSGSEND = YES;
				GCC_C_LANGUAGE_STANDARD = gnu99;
				GCC_NO_COMMON_BLOCKS = YES;
				GCC_WARN_64_TO_32_BIT_CONVERSION = YES;
				GCC_WARN_ABOUT_RETURN_TYPE = YES_ERROR;
				GCC_WARN_UNDECLARED_SELECTOR = YES;
				GCC_WARN_UNINITIALIZED_AUTOS = YES_AGGRESSIVE;
				GCC_WARN_UNUSED_FUNCTION = YES;
				GCC_WARN_UNUSED_VARIABLE = YES;
				IPHONEOS_DEPLOYMENT_TARGET = 10.3;
				MTL_ENABLE_DEBUG_INFO = NO;
				SDKROOT = iphoneos;
				TARGETED_DEVICE_FAMILY = "1,2";
				VALIDATE_PRODUCT = YES;
				VERSIONING_SYSTEM = "apple-generic";
				VERSION_INFO_PREFIX = "";
			};
			name = Release;
		};
		8AF4583F1EA4A03100516693 /* Debug */ = {
			isa = XCBuildConfiguration;
			buildSettings = {
				CODE_SIGN_IDENTITY = "";
				DEFINES_MODULE = YES;
				DEVELOPMENT_TEAM = L3SA45VTYT;
				DYLIB_COMPATIBILITY_VERSION = 1;
				DYLIB_CURRENT_VERSION = 1;
				DYLIB_INSTALL_NAME_BASE = "@rpath";
				INFOPLIST_FILE = MFSideMenu/Info.plist;
				INSTALL_PATH = "$(LOCAL_LIBRARY_DIR)/Frameworks";
				LD_RUNPATH_SEARCH_PATHS = "$(inherited) @executable_path/Frameworks @loader_path/Frameworks";
				PRODUCT_BUNDLE_IDENTIFIER = com.dwarves.MFSideMenu;
				PRODUCT_NAME = "$(TARGET_NAME)";
				SKIP_INSTALL = YES;
			};
			name = Debug;
		};
		8AF458401EA4A03100516693 /* Release */ = {
			isa = XCBuildConfiguration;
			buildSettings = {
				CODE_SIGN_IDENTITY = "";
				DEFINES_MODULE = YES;
				DEVELOPMENT_TEAM = L3SA45VTYT;
				DYLIB_COMPATIBILITY_VERSION = 1;
				DYLIB_CURRENT_VERSION = 1;
				DYLIB_INSTALL_NAME_BASE = "@rpath";
				INFOPLIST_FILE = MFSideMenu/Info.plist;
				INSTALL_PATH = "$(LOCAL_LIBRARY_DIR)/Frameworks";
				LD_RUNPATH_SEARCH_PATHS = "$(inherited) @executable_path/Frameworks @loader_path/Frameworks";
				PRODUCT_BUNDLE_IDENTIFIER = com.dwarves.MFSideMenu;
				PRODUCT_NAME = "$(TARGET_NAME)";
				SKIP_INSTALL = YES;
			};
			name = Release;
		};
		8AF458501EA4A16C00516693 /* Debug */ = {
			isa = XCBuildConfiguration;
			buildSettings = {
				DEVELOPMENT_TEAM = L3SA45VTYT;
				PRODUCT_NAME = "$(TARGET_NAME)";
			};
			name = Debug;
		};
		8AF458511EA4A16C00516693 /* Release */ = {
			isa = XCBuildConfiguration;
			buildSettings = {
				DEVELOPMENT_TEAM = L3SA45VTYT;
				PRODUCT_NAME = "$(TARGET_NAME)";
			};
			name = Release;
		};
/* End XCBuildConfiguration section */

/* Begin XCConfigurationList section */
		8AF458301EA4A03100516693 /* Build configuration list for PBXProject "MFSideMenu" */ = {
			isa = XCConfigurationList;
			buildConfigurations = (
				8AF4583C1EA4A03100516693 /* Debug */,
				8AF4583D1EA4A03100516693 /* Release */,
			);
			defaultConfigurationIsVisible = 0;
			defaultConfigurationName = Release;
		};
		8AF4583E1EA4A03100516693 /* Build configuration list for PBXNativeTarget "MFSideMenu" */ = {
			isa = XCConfigurationList;
			buildConfigurations = (
				8AF4583F1EA4A03100516693 /* Debug */,
				8AF458401EA4A03100516693 /* Release */,
			);
			defaultConfigurationIsVisible = 0;
			defaultConfigurationName = Release;
		};
		8AF4584F1EA4A16C00516693 /* Build configuration list for PBXAggregateTarget "MFSideMenu-Universal" */ = {
			isa = XCConfigurationList;
			buildConfigurations = (
				8AF458501EA4A16C00516693 /* Debug */,
				8AF458511EA4A16C00516693 /* Release */,
			);
			defaultConfigurationIsVisible = 0;
			defaultConfigurationName = Release;
		};
/* End XCConfigurationList section */
	};
	rootObject = 8AF4582D1EA4A03100516693 /* Project object */;
}
